
Microsoft Visual Studio Solution File, Format Version 12.00
# Visual Studio Version 17
VisualStudioVersion = 17.11.35312.102
MinimumVisualStudioVersion = 10.0.40219.1
Project("{FAE04EC0-301F-11D3-BF4B-00C04F79EFBC}") = "GameStore-MVC", "GameStore-MVC\GameStore-MVC.csproj", "{3812532C-A9B4-4505-9D4D-95114AC933A3}"
EndProject
Project("{FAE04EC0-301F-11D3-BF4B-00C04F79EFBC}") = "GameStore-DAL", "GameStore-DAL\GameStore-DAL.csproj", "{9AFABE44-A08D-4564-A636-51F577E2FAA5}"
EndProject
Project("{FAE04EC0-301F-11D3-BF4B-00C04F79EFBC}") = "GameStore-BL", "GameStore-BL\GameStore-BL.csproj", "{4949DF34-64B5-4161-889A-657CF5B49421}"
EndProject
Global
	GlobalSection(SolutionConfigurationPlatforms) = preSolution
		Debug|Any CPU = Debug|Any CPU
		Release|Any CPU = Release|Any CPU
	EndGlobalSection
	GlobalSection(ProjectConfigurationPlatforms) = postSolution
		{3812532C-A9B4-4505-9D4D-95114AC933A3}.Debug|Any CPU.ActiveCfg = Debug|Any CPU
		{3812532C-A9B4-4505-9D4D-95114AC933A3}.Debug|Any CPU.Build.0 = Debug|Any CPU
		{3812532C-A9B4-4505-9D4D-95114AC933A3}.Release|Any CPU.ActiveCfg = Release|Any CPU
		{3812532C-A9B4-4505-9D4D-95114AC933A3}.Release|Any CPU.Build.0 = Release|Any CPU
		{9AFABE44-A08D-4564-A636-51F577E2FAA5}.Debug|Any CPU.ActiveCfg = Debug|Any CPU
		{9AFABE44-A08D-4564-A636-51F577E2FAA5}.Debug|Any CPU.Build.0 = Debug|Any CPU
		{9AFABE44-A08D-4564-A636-51F577E2FAA5}.Release|Any CPU.ActiveCfg = Release|Any CPU
		{9AFABE44-A08D-4564-A636-51F577E2FAA5}.Release|Any CPU.Build.0 = Release|Any CPU
		{4949DF34-64B5-4161-889A-657CF5B49421}.Debug|Any CPU.ActiveCfg = Debug|Any CPU
		{4949DF34-64B5-4161-889A-657CF5B49421}.Debug|Any CPU.Build.0 = Debug|Any CPU
		{4949DF34-64B5-4161-889A-657CF5B49421}.Release|Any CPU.ActiveCfg = Release|Any CPU
		{4949DF34-64B5-4161-889A-657CF5B49421}.Release|Any CPU.Build.0 = Release|Any CPU
	EndGlobalSection
	GlobalSection(SolutionProperties) = preSolution
		HideSolutionNode = FALSE
	EndGlobalSection
	GlobalSection(ExtensibilityGlobals) = postSolution
		SolutionGuid = {AC4523B9-D843-4C5E-B96F-776F20B48A41}
	EndGlobalSection
EndGlobal
